lockfileVersion: '9.0'

settings:
  autoInstallPeers: true
  excludeLinksFromLockfile: false

importers:

  .:
    dependencies:
      '@jup-ag/api':
        specifier: ^6.0.29
        version: 6.0.29
      install:
        specifier: ^0.13.0
        version: 0.13.0
      npm:
        specifier: ^10.9.0
        version: 10.9.0

packages:

  '@jup-ag/api@6.0.29':
    resolution: {integrity: sha512-1gUY1txmL/gG14VDZMjeKVqhSzeg4L2cImdC7dGLYB5DP5D5lwpR+FarvhqehEi+63/RWOUKTTU4fablGpeIUQ==}

  install@0.13.0:
    resolution: {integrity: sha512-zDml/jzr2PKU9I8J/xyZBQn8rPCAY//UOYNmR01XwNwyfhEWObo2SWfSl1+0tm1u6PhxLwDnfsT/6jB7OUxqFA==}
    engines: {node: '>= 0.10'}

  npm@10.9.0:
    resolution: {integrity: sha512-ZanDioFylI9helNhl2LNd+ErmVD+H5I53ry41ixlLyCBgkuYb+58CvbAp99hW+zr5L9W4X7CchSoeqKdngOLSw==}
    engines: {node: ^18.17.0 || >=20.5.0}
    hasBin: true
    bundledDependencies:
      - '@isaacs/string-locale-compare'
      - '@npmcli/arborist'
      - '@npmcli/config'
      - '@npmcli/fs'
      - '@npmcli/map-workspaces'
      - '@npmcli/package-json'
      - '@npmcli/promise-spawn'
      - '@npmcli/redact'
      - '@npmcli/run-script'
      - '@sigstore/tuf'
      - abbrev
      - archy
      - cacache
      - chalk
      - ci-info
      - cli-columns
      - fastest-levenshtein
      - fs-minipass
      - glob
      - graceful-fs
      - hosted-git-info
      - ini
      - init-package-json
      - is-cidr
      - json-parse-even-better-errors
      - libnpmaccess
      - libnpmdiff
      - libnpmexec
      - libnpmfund
      - libnpmhook
      - libnpmorg
      - libnpmpack
      - libnpmpublish
      - libnpmsearch
      - libnpmteam
      - libnpmversion
      - make-fetch-happen
      - minimatch
      - minipass
      - minipass-pipeline
      - ms
      - node-gyp
      - nopt
      - normalize-package-data
      - npm-audit-report
      - npm-install-checks
      - npm-package-arg
      - npm-pick-manifest
      - npm-profile
      - npm-registry-fetch
      - npm-user-validate
      - p-map
      - pacote
      - parse-conflict-json
      - proc-log
      - qrcode-terminal
      - read
      - semver
      - spdx-expression-parse
      - ssri
      - supports-color
      - tar
      - text-table
      - tiny-relative-date
      - treeverse
      - validate-npm-package-name
      - which
      - write-file-atomic

snapshots:

  '@jup-ag/api@6.0.29': {}

  install@0.13.0: {}

  npm@10.9.0: {}
