lockfileVersion: '9.0'

settings:
  autoInstallPeers: true
  excludeLinksFromLockfile: false

importers:

  .:
    dependencies:
      '@jup-ag/api':
        specifier: ^6.0.29
        version: 6.0.29
      dotenv:
        specifier: ^16.4.5
        version: 16.4.5
      install:
        specifier: ^0.13.0
        version: 0.13.0
      pnpm:
        specifier: ^9.12.3
        version: 9.12.3
      typescript:
        specifier: ^5.6.3
        version: 5.6.3

packages:

  '@jup-ag/api@6.0.29':
    resolution: {integrity: sha512-1gUY1txmL/gG14VDZMjeKVqhSzeg4L2cImdC7dGLYB5DP5D5lwpR+FarvhqehEi+63/RWOUKTTU4fablGpeIUQ==}

  dotenv@16.4.5:
    resolution: {integrity: sha512-ZmdL2rui+eB2YwhsWzjInR8LldtZHGDoQ1ugH85ppHKwpUHL7j7rN0Ti9NCnGiQbhaZ11FpR+7ao1dNsmduNUg==}
    engines: {node: '>=12'}

  install@0.13.0:
    resolution: {integrity: sha512-zDml/jzr2PKU9I8J/xyZBQn8rPCAY//UOYNmR01XwNwyfhEWObo2SWfSl1+0tm1u6PhxLwDnfsT/6jB7OUxqFA==}
    engines: {node: '>= 0.10'}

  pnpm@9.12.3:
    resolution: {integrity: sha512-zOD53pxafJW++UQWnMXf6HQav7FFB4wNUIuGgFaEiofIHmJiRstglny9f9KabAYu9z/4QNlrPIbECsks9KgT7g==}
    engines: {node: '>=18.12'}
    hasBin: true

  typescript@5.6.3:
    resolution: {integrity: sha512-hjcS1mhfuyi4WW8IWtjP7brDrG2cuDZukyrYrSauoXGNgx0S7zceP07adYkJycEr56BOUTNPzbInooiN3fn1qw==}
    engines: {node: '>=14.17'}
    hasBin: true

snapshots:

  '@jup-ag/api@6.0.29': {}

  dotenv@16.4.5: {}

  install@0.13.0: {}

  pnpm@9.12.3: {}

  typescript@5.6.3: {}
